<?xml version="1.0" encoding="utf-8"?>
<Project ToolsVersion="4.0" xmlns="http://schemas.microsoft.com/developer/msbuild/2003">
  <ItemGroup>
    <Filter Include="Source Files">
      <UniqueIdentifier>{4FC737F1-C7A5-4376-A066-2A32D752A2FF}</UniqueIdentifier>
      <Extensions>cpp;c;cc;cxx;c++;cppm;ixx;def;odl;idl;hpj;bat;asm;asmx</Extensions>
    </Filter>
    <Filter Include="Header Files">
      <UniqueIdentifier>{93995380-89BD-4b04-88EB-625FBE52EBFB}</UniqueIdentifier>
      <Extensions>h;hh;hpp;hxx;h++;hm;inl;inc;ipp;xsd</Extensions>
    </Filter>
    <Filter Include="Resource Files">
      <UniqueIdentifier>{67DA6AB6-F800-4c08-8B7A-83BB121AAD01}</UniqueIdentifier>
      <Extensions>rc;dlg;rc2;rct;bin;rgs;jpe;resx;tiff;tif;wav;mfcribbon-ms</Extensions>
    </Filter>
    <Filter Include="Resource Files\Images">
      <UniqueIdentifier>{ce09b62c-f081-4da5-936b-8ee172effd6c}</UniqueIdentifier>
      <Extensions>ico;cur;bmp;png;gif;jpg;jpeg;</Extensions>
    </Filter>
    <Filter Include="Window">
      <UniqueIdentifier>{bbb0f8a7-c2a0-497e-b9e3-c63f6fe33b11}</UniqueIdentifier>
    </Filter>
    <Filter Include="Console">
      <UniqueIdentifier>{01eb5c91-5e16-4760-b45a-d4664903ecca}</UniqueIdentifier>
    </Filter>
    <Filter Include="Direct3D9">
      <UniqueIdentifier>{11d6dd26-fd70-4192-924d-9e66e05af5fb}</UniqueIdentifier>
    </Filter>
    <Filter Include="Direct2D1">
      <UniqueIdentifier>{c0cedc05-6a00-4fe4-8441-7c2fb88f618d}</UniqueIdentifier>
    </Filter>
    <Filter Include="GdiPlus">
      <UniqueIdentifier>{ccaa3bbb-153f-4091-98f8-d2ce418284ed}</UniqueIdentifier>
    </Filter>
    <Filter Include="Dialog">
      <UniqueIdentifier>{4ea347ec-ea0b-41f1-aa64-20d992a091fb}</UniqueIdentifier>
    </Filter>
  </ItemGroup>
  <ItemGroup>
    <ClInclude Include="Algoritms.h">
      <Filter>Header Files</Filter>
    </ClInclude>
    <ClInclude Include="WinGui.h">
      <Filter>Window</Filter>
    </ClInclude>
    <ClInclude Include="Mp3Player.h">
      <Filter>Header Files</Filter>
    </ClInclude>
    <ClInclude Include="Dialog.h">
      <Filter>Dialog</Filter>
    </ClInclude>
    <ClInclude Include="Console.h">
      <Filter>Console</Filter>
    </ClInclude>
    <ClInclude Include="resource.h">
      <Filter>Resource Files</Filter>
    </ClInclude>
    <ClInclude Include="GdiPlus.h">
      <Filter>GdiPlus</Filter>
    </ClInclude>
    <ClInclude Include="Direct3D9.h">
      <Filter>Direct3D9</Filter>
    </ClInclude>
    <ClInclude Include="Direct2D1.h">
      <Filter>Direct2D1</Filter>
    </ClInclude>
  </ItemGroup>
  <ItemGroup>
    <ClCompile Include="wWinMain.cpp">
      <Filter>Source Files</Filter>
    </ClCompile>
    <ClCompile Include="WinGui.cpp">
      <Filter>Window</Filter>
    </ClCompile>
    <ClCompile Include="Dialog.cpp">
      <Filter>Dialog</Filter>
    </ClCompile>
    <ClCompile Include="Direct3D9.cpp">
      <Filter>Direct3D9</Filter>
    </ClCompile>
    <ClCompile Include="Direct2D1.cpp">
      <Filter>Direct2D1</Filter>
    </ClCompile>
  </ItemGroup>
  <ItemGroup>
    <None Include="Crosshair.cur">
      <Filter>Resource Files\Images</Filter>
    </None>
  </ItemGroup>
  <ItemGroup>
    <Image Include="WindowIcon.ico">
      <Filter>Resource Files\Images</Filter>
    </Image>
  </ItemGroup>
  <ItemGroup>
    <ResourceCompile Include="Resource.rc">
      <Filter>Resource Files</Filter>
    </ResourceCompile>
  </ItemGroup>
</Project>